
Microsoft Visual Studio Solution File, Format Version 12.00
# Visual Studio Version 17
VisualStudioVersion = 17.6.33829.357
MinimumVisualStudioVersion = 10.0.40219.1
Project("{9A19103F-16F7-4668-BE54-9A1E7A4F7556}") = "E_commerce_API", "E_commerce_Task\E_commerce_API.csproj", "{06238FE2-79E2-457C-B0EA-CDEAB1BD3B11}"
EndProject
Project("{9A19103F-16F7-4668-BE54-9A1E7A4F7556}") = "E_commerce_DataModeling", "E_commerce_DataModeling\E_commerce_DataModeling.csproj", "{05EAB119-FB8C-45AD-BBAA-D9AE67837D86}"
EndProject
Project("{9A19103F-16F7-4668-BE54-9A1E7A4F7556}") = "E_Commerce_Test", "E_Commerce_Task_Test\E_Commerce_Test.csproj", "{C7EE91A8-6416-4661-B41C-88113A7E133B}"
EndProject
Project("{9A19103F-16F7-4668-BE54-9A1E7A4F7556}") = "E_Commerce_InfraStructure", "E_Commerce_InfraStructure\E_Commerce_InfraStructure.csproj", "{CA800C2F-011C-4C5F-A994-77C258C6189B}"
EndProject
Project("{9A19103F-16F7-4668-BE54-9A1E7A4F7556}") = "E_Commerce_Application", "E_Commerce_Application\E_Commerce_Application.csproj", "{4CEE500A-7DC2-4006-8D77-6323AAA81F71}"
EndProject
Global
	GlobalSection(SolutionConfigurationPlatforms) = preSolution
		Debug|Any CPU = Debug|Any CPU
		Release|Any CPU = Release|Any CPU
	EndGlobalSection
	GlobalSection(ProjectConfigurationPlatforms) = postSolution
		{06238FE2-79E2-457C-B0EA-CDEAB1BD3B11}.Debug|Any CPU.ActiveCfg = Debug|Any CPU
		{06238FE2-79E2-457C-B0EA-CDEAB1BD3B11}.Debug|Any CPU.Build.0 = Debug|Any CPU
		{06238FE2-79E2-457C-B0EA-CDEAB1BD3B11}.Release|Any CPU.ActiveCfg = Release|Any CPU
		{06238FE2-79E2-457C-B0EA-CDEAB1BD3B11}.Release|Any CPU.Build.0 = Release|Any CPU
		{05EAB119-FB8C-45AD-BBAA-D9AE67837D86}.Debug|Any CPU.ActiveCfg = Debug|Any CPU
		{05EAB119-FB8C-45AD-BBAA-D9AE67837D86}.Debug|Any CPU.Build.0 = Debug|Any CPU
		{05EAB119-FB8C-45AD-BBAA-D9AE67837D86}.Release|Any CPU.ActiveCfg = Release|Any CPU
		{05EAB119-FB8C-45AD-BBAA-D9AE67837D86}.Release|Any CPU.Build.0 = Release|Any CPU
		{C7EE91A8-6416-4661-B41C-88113A7E133B}.Debug|Any CPU.ActiveCfg = Debug|Any CPU
		{C7EE91A8-6416-4661-B41C-88113A7E133B}.Debug|Any CPU.Build.0 = Debug|Any CPU
		{C7EE91A8-6416-4661-B41C-88113A7E133B}.Release|Any CPU.ActiveCfg = Release|Any CPU
		{C7EE91A8-6416-4661-B41C-88113A7E133B}.Release|Any CPU.Build.0 = Release|Any CPU
		{CA800C2F-011C-4C5F-A994-77C258C6189B}.Debug|Any CPU.ActiveCfg = Debug|Any CPU
		{CA800C2F-011C-4C5F-A994-77C258C6189B}.Debug|Any CPU.Build.0 = Debug|Any CPU
		{CA800C2F-011C-4C5F-A994-77C258C6189B}.Release|Any CPU.ActiveCfg = Release|Any CPU
		{CA800C2F-011C-4C5F-A994-77C258C6189B}.Release|Any CPU.Build.0 = Release|Any CPU
		{4CEE500A-7DC2-4006-8D77-6323AAA81F71}.Debug|Any CPU.ActiveCfg = Debug|Any CPU
		{4CEE500A-7DC2-4006-8D77-6323AAA81F71}.Debug|Any CPU.Build.0 = Debug|Any CPU
		{4CEE500A-7DC2-4006-8D77-6323AAA81F71}.Release|Any CPU.ActiveCfg = Release|Any CPU
		{4CEE500A-7DC2-4006-8D77-6323AAA81F71}.Release|Any CPU.Build.0 = Release|Any CPU
	EndGlobalSection
	GlobalSection(SolutionProperties) = preSolution
		HideSolutionNode = FALSE
	EndGlobalSection
	GlobalSection(ExtensibilityGlobals) = postSolution
		SolutionGuid = {AEDEEED1-8061-4CBC-B196-4B2906040E38}
	EndGlobalSection
EndGlobal
